
Microsoft Visual Studio Solution File, Format Version 12.00
# Visual Studio Version 16
VisualStudioVersion = 16.0.30413.136
MinimumVisualStudioVersion = 10.0.40219.1
Project("{FAE04EC0-301F-11D3-BF4B-00C04F79EFBC}") = "eShopSolution.WebApp", "eShopSolution.WebApp\eShopSolution.WebApp.csproj", "{53978BEE-A408-401E-B6B0-16CF71E3E0DA}"
EndProject
Global
	GlobalSection(SolutionConfigurationPlatforms) = preSolution
		Debug|Any CPU = Debug|Any CPU
		Release|Any CPU = Release|Any CPU
	EndGlobalSection
	GlobalSection(ProjectConfigurationPlatforms) = postSolution
		{53978BEE-A408-401E-B6B0-16CF71E3E0DA}.Debug|Any CPU.ActiveCfg = Debug|Any CPU
		{53978BEE-A408-401E-B6B0-16CF71E3E0DA}.Debug|Any CPU.Build.0 = Debug|Any CPU
		{53978BEE-A408-401E-B6B0-16CF71E3E0DA}.Release|Any CPU.ActiveCfg = Release|Any CPU
		{53978BEE-A408-401E-B6B0-16CF71E3E0DA}.Release|Any CPU.Build.0 = Release|Any CPU
	EndGlobalSection
	GlobalSection(SolutionProperties) = preSolution
		HideSolutionNode = FALSE
	EndGlobalSection
	GlobalSection(ExtensibilityGlobals) = postSolution
		SolutionGuid = {FBA99EF6-5A52-4686-B164-972460062A6F}
	EndGlobalSection
EndGlobal
