
Microsoft Visual Studio Solution File, Format Version 12.00
# Visual Studio Version 16
VisualStudioVersion = 16.0.30413.136
MinimumVisualStudioVersion = 10.0.40219.1
Project("{FAE04EC0-301F-11D3-BF4B-00C04F79EFBC}") = "eShopSolution.WebApp", "eShopSolution.WebApp\eShopSolution.WebApp.csproj", "{53978BEE-A408-401E-B6B0-16CF71E3E0DA}"
EndProject
Project("{FAE04EC0-301F-11D3-BF4B-00C04F79EFBC}") = "eShopSolution.Data", "eShopSolution.Data\eShopSolution.Data.csproj", "{15BA34B6-6E15-42E8-9818-4FEC6F42C1EB}"
EndProject
Project("{FAE04EC0-301F-11D3-BF4B-00C04F79EFBC}") = "eShopSolution.Application", "eShopSolution.Application\eShopSolution.Application.csproj", "{430D20D5-45CE-4E0A-883D-7FC9BFA4367E}"
EndProject
Project("{2150E333-8FDC-42A3-9474-1A3956D46DE8}") = "Solution Items", "Solution Items", "{F5708509-DE63-498D-9961-C13749002269}"
	ProjectSection(SolutionItems) = preProject
		README.txt = README.txt
	EndProjectSection
EndProject
Global
	GlobalSection(SolutionConfigurationPlatforms) = preSolution
		Debug|Any CPU = Debug|Any CPU
		Release|Any CPU = Release|Any CPU
	EndGlobalSection
	GlobalSection(ProjectConfigurationPlatforms) = postSolution
		{53978BEE-A408-401E-B6B0-16CF71E3E0DA}.Debug|Any CPU.ActiveCfg = Debug|Any CPU
		{53978BEE-A408-401E-B6B0-16CF71E3E0DA}.Debug|Any CPU.Build.0 = Debug|Any CPU
		{53978BEE-A408-401E-B6B0-16CF71E3E0DA}.Release|Any CPU.ActiveCfg = Release|Any CPU
		{53978BEE-A408-401E-B6B0-16CF71E3E0DA}.Release|Any CPU.Build.0 = Release|Any CPU
		{15BA34B6-6E15-42E8-9818-4FEC6F42C1EB}.Debug|Any CPU.ActiveCfg = Debug|Any CPU
		{15BA34B6-6E15-42E8-9818-4FEC6F42C1EB}.Debug|Any CPU.Build.0 = Debug|Any CPU
		{15BA34B6-6E15-42E8-9818-4FEC6F42C1EB}.Release|Any CPU.ActiveCfg = Release|Any CPU
		{15BA34B6-6E15-42E8-9818-4FEC6F42C1EB}.Release|Any CPU.Build.0 = Release|Any CPU
		{430D20D5-45CE-4E0A-883D-7FC9BFA4367E}.Debug|Any CPU.ActiveCfg = Debug|Any CPU
		{430D20D5-45CE-4E0A-883D-7FC9BFA4367E}.Debug|Any CPU.Build.0 = Debug|Any CPU
		{430D20D5-45CE-4E0A-883D-7FC9BFA4367E}.Release|Any CPU.ActiveCfg = Release|Any CPU
		{430D20D5-45CE-4E0A-883D-7FC9BFA4367E}.Release|Any CPU.Build.0 = Release|Any CPU
	EndGlobalSection
	GlobalSection(SolutionProperties) = preSolution
		HideSolutionNode = FALSE
	EndGlobalSection
	GlobalSection(ExtensibilityGlobals) = postSolution
		SolutionGuid = {FBA99EF6-5A52-4686-B164-972460062A6F}
	EndGlobalSection
EndGlobal
